
Microsoft Visual Studio Solution File, Format Version 12.00
# Visual Studio Version 17
VisualStudioVersion = 17.9.34701.34
MinimumVisualStudioVersion = 10.0.40219.1
Project("{9A19103F-16F7-4668-BE54-9A1E7A4F7556}") = "WebApplication2", "WebApplication2\WebApplication2.csproj", "{1EE5D958-0686-41B3-8199-6E65051B218D}"
EndProject
Global
	GlobalSection(SolutionConfigurationPlatforms) = preSolution
		Debug|Any CPU = Debug|Any CPU
		Release|Any CPU = Release|Any CPU
	EndGlobalSection
	GlobalSection(ProjectConfigurationPlatforms) = postSolution
		{1EE5D958-0686-41B3-8199-6E65051B218D}.Debug|Any CPU.ActiveCfg = Debug|Any CPU
		{1EE5D958-0686-41B3-8199-6E65051B218D}.Debug|Any CPU.Build.0 = Debug|Any CPU
		{1EE5D958-0686-41B3-8199-6E65051B218D}.Release|Any CPU.ActiveCfg = Release|Any CPU
		{1EE5D958-0686-41B3-8199-6E65051B218D}.Release|Any CPU.Build.0 = Release|Any CPU
	EndGlobalSection
	GlobalSection(SolutionProperties) = preSolution
		HideSolutionNode = FALSE
	EndGlobalSection
	GlobalSection(ExtensibilityGlobals) = postSolution
		SolutionGuid = {89FB33D8-7211-4405-820E-4F1C36DE2B89}
	EndGlobalSection
EndGlobal
